
Microsoft Visual Studio Solution File, Format Version 12.00
# Visual Studio Version 16
VisualStudioVersion = 16.0.31205.134
MinimumVisualStudioVersion = 10.0.40219.1
Project("{9A19103F-16F7-4668-BE54-9A1E7A4F7556}") = "ASPProjekat.API", "ASPProjekat.API\ASPProjekat.API.csproj", "{296B5E0B-DC49-499A-AF5B-A72EE101263E}"
EndProject
Project("{9A19103F-16F7-4668-BE54-9A1E7A4F7556}") = "ASPProject.Domain", "ASPProject.Domain\ASPProject.Domain.csproj", "{D30B214E-5CBC-40BA-B8FB-EE556655554D}"
EndProject
Project("{9A19103F-16F7-4668-BE54-9A1E7A4F7556}") = "ASPProjekat.DataAccess", "ASPProjekat.DataAccess\ASPProjekat.DataAccess.csproj", "{76D6F5E9-69F6-498F-A6A9-A524A87E91A4}"
EndProject
Project("{FAE04EC0-301F-11D3-BF4B-00C04F79EFBC}") = "ASPProject.Application", "ASPProject.Application\ASPProject.Application.csproj", "{B5DE542C-5203-421F-A230-B08199FFAA73}"
EndProject
Project("{FAE04EC0-301F-11D3-BF4B-00C04F79EFBC}") = "ASPProject.Implementation", "ASPProject.Implementation\ASPProject.Implementation.csproj", "{A0E572EF-C684-4172-9678-B6AE04B461FE}"
EndProject
Global
	GlobalSection(SolutionConfigurationPlatforms) = preSolution
		Debug|Any CPU = Debug|Any CPU
		Release|Any CPU = Release|Any CPU
	EndGlobalSection
	GlobalSection(ProjectConfigurationPlatforms) = postSolution
		{296B5E0B-DC49-499A-AF5B-A72EE101263E}.Debug|Any CPU.ActiveCfg = Debug|Any CPU
		{296B5E0B-DC49-499A-AF5B-A72EE101263E}.Debug|Any CPU.Build.0 = Debug|Any CPU
		{296B5E0B-DC49-499A-AF5B-A72EE101263E}.Release|Any CPU.ActiveCfg = Release|Any CPU
		{296B5E0B-DC49-499A-AF5B-A72EE101263E}.Release|Any CPU.Build.0 = Release|Any CPU
		{D30B214E-5CBC-40BA-B8FB-EE556655554D}.Debug|Any CPU.ActiveCfg = Debug|Any CPU
		{D30B214E-5CBC-40BA-B8FB-EE556655554D}.Debug|Any CPU.Build.0 = Debug|Any CPU
		{D30B214E-5CBC-40BA-B8FB-EE556655554D}.Release|Any CPU.ActiveCfg = Release|Any CPU
		{D30B214E-5CBC-40BA-B8FB-EE556655554D}.Release|Any CPU.Build.0 = Release|Any CPU
		{76D6F5E9-69F6-498F-A6A9-A524A87E91A4}.Debug|Any CPU.ActiveCfg = Debug|Any CPU
		{76D6F5E9-69F6-498F-A6A9-A524A87E91A4}.Debug|Any CPU.Build.0 = Debug|Any CPU
		{76D6F5E9-69F6-498F-A6A9-A524A87E91A4}.Release|Any CPU.ActiveCfg = Release|Any CPU
		{76D6F5E9-69F6-498F-A6A9-A524A87E91A4}.Release|Any CPU.Build.0 = Release|Any CPU
		{B5DE542C-5203-421F-A230-B08199FFAA73}.Debug|Any CPU.ActiveCfg = Debug|Any CPU
		{B5DE542C-5203-421F-A230-B08199FFAA73}.Debug|Any CPU.Build.0 = Debug|Any CPU
		{B5DE542C-5203-421F-A230-B08199FFAA73}.Release|Any CPU.ActiveCfg = Release|Any CPU
		{B5DE542C-5203-421F-A230-B08199FFAA73}.Release|Any CPU.Build.0 = Release|Any CPU
		{A0E572EF-C684-4172-9678-B6AE04B461FE}.Debug|Any CPU.ActiveCfg = Debug|Any CPU
		{A0E572EF-C684-4172-9678-B6AE04B461FE}.Debug|Any CPU.Build.0 = Debug|Any CPU
		{A0E572EF-C684-4172-9678-B6AE04B461FE}.Release|Any CPU.ActiveCfg = Release|Any CPU
		{A0E572EF-C684-4172-9678-B6AE04B461FE}.Release|Any CPU.Build.0 = Release|Any CPU
	EndGlobalSection
	GlobalSection(SolutionProperties) = preSolution
		HideSolutionNode = FALSE
	EndGlobalSection
	GlobalSection(ExtensibilityGlobals) = postSolution
		SolutionGuid = {88FB71B3-E283-42FB-A039-E68115E654DA}
	EndGlobalSection
EndGlobal
